
Microsoft Visual Studio Solution File, Format Version 12.00
# Visual Studio Version 17
VisualStudioVersion = 17.0.31717.71
MinimumVisualStudioVersion = 10.0.40219.1
Project("{9A19103F-16F7-4668-BE54-9A1E7A4F7556}") = "MudServer", "MudServer.csproj", "{95A7DE01-726D-4ABB-9A89-F874F5DDE999}"
EndProject
Global
	GlobalSection(SolutionConfigurationPlatforms) = preSolution
		Debug|Any CPU = Debug|Any CPU
		Release|Any CPU = Release|Any CPU
	EndGlobalSection
	GlobalSection(ProjectConfigurationPlatforms) = postSolution
		{95A7DE01-726D-4ABB-9A89-F874F5DDE999}.Debug|Any CPU.ActiveCfg = Debug|Any CPU
		{95A7DE01-726D-4ABB-9A89-F874F5DDE999}.Debug|Any CPU.Build.0 = Debug|Any CPU
		{95A7DE01-726D-4ABB-9A89-F874F5DDE999}.Release|Any CPU.ActiveCfg = Release|Any CPU
		{95A7DE01-726D-4ABB-9A89-F874F5DDE999}.Release|Any CPU.Build.0 = Release|Any CPU
	EndGlobalSection
	GlobalSection(SolutionProperties) = preSolution
		HideSolutionNode = FALSE
	EndGlobalSection
	GlobalSection(ExtensibilityGlobals) = postSolution
		SolutionGuid = {B8A52F82-C643-4D09-9B70-F20F0982D53E}
	EndGlobalSection
EndGlobal